
Microsoft Visual Studio Solution File, Format Version 12.00
# Visual Studio Version 16
VisualStudioVersion = 16.0.32126.315
MinimumVisualStudioVersion = 10.0.40219.1
Project("{FAE04EC0-301F-11D3-BF4B-00C04F79EFBC}") = "Amadeus Cloud Reporting Back-end", "Amadeus Cloud Reporting Back-end.csproj", "{A650ACDB-4ECC-4E2E-A20F-AE42B594B0BE}"
EndProject
Global
	GlobalSection(SolutionConfigurationPlatforms) = preSolution
		Debug|Any CPU = Debug|Any CPU
		Release|Any CPU = Release|Any CPU
	EndGlobalSection
	GlobalSection(ProjectConfigurationPlatforms) = postSolution
		{A650ACDB-4ECC-4E2E-A20F-AE42B594B0BE}.Debug|Any CPU.ActiveCfg = Debug|Any CPU
		{A650ACDB-4ECC-4E2E-A20F-AE42B594B0BE}.Debug|Any CPU.Build.0 = Debug|Any CPU
		{A650ACDB-4ECC-4E2E-A20F-AE42B594B0BE}.Release|Any CPU.ActiveCfg = Release|Any CPU
		{A650ACDB-4ECC-4E2E-A20F-AE42B594B0BE}.Release|Any CPU.Build.0 = Release|Any CPU
	EndGlobalSection
	GlobalSection(SolutionProperties) = preSolution
		HideSolutionNode = FALSE
	EndGlobalSection
	GlobalSection(ExtensibilityGlobals) = postSolution
		SolutionGuid = {6BF77AA3-2E66-4844-B01B-F4490F459278}
	EndGlobalSection
EndGlobal
